# THIS IS AN AUTOGENERATED FILE. DO NOT EDIT THIS FILE DIRECTLY.
# yarn lockfile v1


array-find-index@^1.0.2:
  version "1.0.2"
  resolved "https://registry.yarnpkg.com/array-find-index/-/array-find-index-1.0.2.tgz#df010aa1287e164bbda6f9723b0a96a1ec4187a1"
  integrity sha512-M1HQyIXcBGtVywBt8WVdim+lrNaK7VHp99Qt5pSNziXznKHViIBbXWtfRTpEFpF/c4FdfxNAsCCwPp5phBYJtw==

spdx-compare@^1.0.0:
  version "1.0.0"
  resolved "https://registry.yarnpkg.com/spdx-compare/-/spdx-compare-1.0.0.tgz#2c55f117362078d7409e6d7b08ce70a857cd3ed7"
  integrity sha512-C1mDZOX0hnu0ep9dfmuoi03+eOdDoz2yvK79RxbcrVEG1NO1Ph35yW102DHWKN4pk80nwCgeMmSY5L25VE4D9A==
  dependencies:
    array-find-index "^1.0.2"
    spdx-expression-parse "^3.0.0"
    spdx-ranges "^2.0.0"

spdx-correct@^3.2.0:
  version "3.2.0"
  resolved "https://registry.yarnpkg.com/spdx-correct/-/spdx-correct-3.2.0.tgz#4f5ab0668f0059e34f9c00dce331784a12de4e9c"
  integrity sha512-kN9dJbvnySHULIluDHy32WHRUu3Og7B9sbY7tsFLctQkIqnMh3hErYgdMjTYuqmcXX+lK5T1lnUt3G7zNswmZA==
  dependencies:
    spdx-expression-parse "^3.0.0"
    spdx-license-ids "^3.0.0"

spdx-exceptions@^2.1.0:
  version "2.3.0"
  resolved "https://registry.yarnpkg.com/spdx-exceptions/-/spdx-exceptions-2.3.0.tgz#3f28ce1a77a00372683eade4a433183527a2163d"
  integrity sha512-/tTrYOC7PPI1nUAgx34hUpqXuyJG+DTHJTnIULG4rDygi4xu/tfgmq1e1cIRwRzwZgo4NLySi+ricLkZkw4i5A==

spdx-expression-parse@^3.0.0:
  version "3.0.1"
  resolved "https://registry.yarnpkg.com/spdx-expression-parse/-/spdx-expression-parse-3.0.1.tgz#cf70f50482eefdc98e3ce0a6833e4a53ceeba679"
  integrity sha512-cbqHunsQWnJNE6KhVSMsMeH5H/L9EpymbzqTQ3uLwNCLZ1Q481oWaofqH7nO6V07xlXwY6PhQdQ2IedWx/ZK4Q==
  dependencies:
    spdx-exceptions "^2.1.0"
    spdx-license-ids "^3.0.0"

spdx-is-osi@^1.0.0:
  version "1.0.0"
  resolved "https://registry.yarnpkg.com/spdx-is-osi/-/spdx-is-osi-1.0.0.tgz#79156d5e0cbdb89cb9a3229bf5af52daa25a9b6e"
  integrity sha512-zJRpa1H6SuHz1EXCPeSs4TitjRBGer1PD0ry4qr8ufbYczr3QjWeRW4T/uIDIeCeYLUv514ccqXane7tRz1ryA==
  dependencies:
    spdx-osi "^2.0.0"
    spdx-satisfies "^4.0.0"

spdx-license-ids@^3.0.0:
  version "3.0.13"
  resolved "https://registry.yarnpkg.com/spdx-license-ids/-/spdx-license-ids-3.0.13.tgz#7189a474c46f8d47c7b0da4b987bb45e908bd2d5"
  integrity sha512-XkD+zwiqXHikFZm4AX/7JSCXA98U5Db4AFd5XUg/+9UNtnH75+Z9KxtpYiJZx36mUDVOwH83pl7yvCer6ewM3w==

spdx-osi@^2.0.0:
  version "2.0.0"
  resolved "https://registry.yarnpkg.com/spdx-osi/-/spdx-osi-2.0.0.tgz#41589f4b6787255df3b887295f04439eb04756dd"
  integrity sha512-oIUo/r4q+0Icu4kT7dWjR37qOQRI2ymsT3Fktdn2+9AeEsnk3xC2Ciu4T+Z/aRhcxFCAXm2jEqf8EeDC7xM4Cw==

spdx-ranges@^2.0.0:
  version "2.1.1"
  resolved "https://registry.yarnpkg.com/spdx-ranges/-/spdx-ranges-2.1.1.tgz#87573927ba51e92b3f4550ab60bfc83dd07bac20"
  integrity sha512-mcdpQFV7UDAgLpXEE/jOMqvK4LBoO0uTQg0uvXUewmEFhpiZx5yJSZITHB8w1ZahKdhfZqP5GPEOKLyEq5p8XA==

spdx-satisfies@^4.0.0:
  version "4.0.1"
  resolved "https://registry.yarnpkg.com/spdx-satisfies/-/spdx-satisfies-4.0.1.tgz#9a09a68d80f5f1a31cfaebb384b0c6009e4969fe"
  integrity sha512-WVzZ/cXAzoNmjCWiEluEA3BjHp5tiUmmhn9MK+X0tBbR9sOqtC6UQwmgCNrAIZvNlMuBUYAaHYfb2oqlF9SwKA==
  dependencies:
    spdx-compare "^1.0.0"
    spdx-expression-parse "^3.0.0"
    spdx-ranges "^2.0.0"
